<?xml version="1.0" encoding="utf-8"?>
<Project ToolsVersion="4.0" xmlns="http://schemas.microsoft.com/developer/msbuild/2003">
  <ItemGroup>
    <Filter Include="Source Files">
      <UniqueIdentifier>{4FC737F1-C7A5-4376-A066-2A32D752A2FF}</UniqueIdentifier>
      <Extensions>cpp;c;cc;cxx;def;odl;idl;hpj;bat;asm;asmx</Extensions>
    </Filter>
    <Filter Include="Header Files">
      <UniqueIdentifier>{93995380-89BD-4b04-88EB-625FBE52EBFB}</UniqueIdentifier>
      <Extensions>h;hpp;hxx;hm;inl;inc;xsd</Extensions>
    </Filter>
    <Filter Include="Resource Files">
      <UniqueIdentifier>{67DA6AB6-F800-4c08-8B7A-83BB121AAD01}</UniqueIdentifier>
      <Extensions>rc;ico;cur;bmp;dlg;rc2;rct;bin;rgs;gif;jpg;jpeg;jpe;resx;tiff;tif;png;wav;mfcribbon-ms</Extensions>
    </Filter>
  </ItemGroup>
  <ItemGroup>
    <None Include="ReadMe.txt" />
    <None Include="res\Paint.rc2">
      <Filter>Resource Files</Filter>
    </None>
    <None Include="res\Paint.ico">
      <Filter>Resource Files</Filter>
    </None>
    <None Include="res\openScreen.bmp">
      <Filter>Resource Files</Filter>
    </None>
    <None Include="res\brush1.bmp">
      <Filter>Resource Files</Filter>
    </None>
    <None Include="res\brush2.bmp">
      <Filter>Resource Files</Filter>
    </None>
    <None Include="res\brush3.bmp">
      <Filter>Resource Files</Filter>
    </None>
    <None Include="res\brush4.bmp">
      <Filter>Resource Files</Filter>
    </None>
    <None Include="res\brush5.bmp">
      <Filter>Resource Files</Filter>
    </None>
    <None Include="res\thick.bmp">
      <Filter>Resource Files</Filter>
    </None>
    <None Include="res\undo2.bmp">
      <Filter>Resource Files</Filter>
    </None>
    <None Include="res\redo2.bmp">
      <Filter>Resource Files</Filter>
    </None>
    <None Include="res\save2.bmp">
      <Filter>Resource Files</Filter>
    </None>
    <None Include="res\exit.bmp">
      <Filter>Resource Files</Filter>
    </None>
    <None Include="res\start.bmp">
      <Filter>Resource Files</Filter>
    </None>
    <None Include="res\fill2.bmp">
      <Filter>Resource Files</Filter>
    </None>
    <None Include="res\move.bmp">
      <Filter>Resource Files</Filter>
    </None>
    <None Include="res\load.bmp">
      <Filter>Resource Files</Filter>
    </None>
    <None Include="res\delete.bmp">
      <Filter>Resource Files</Filter>
    </None>
    <None Include="res\new.bmp">
      <Filter>Resource Files</Filter>
    </None>
    <None Include="res\line.bmp">
      <Filter>Resource Files</Filter>
    </None>
    <None Include="res\squre.bmp">
      <Filter>Resource Files</Filter>
    </None>
    <None Include="res\circle.bmp">
      <Filter>Resource Files</Filter>
    </None>
    <None Include="res\triangle.bmp">
      <Filter>Resource Files</Filter>
    </None>
    <None Include="res\trapez.bmp">
      <Filter>Resource Files</Filter>
    </None>
    <None Include="res\brushesWord.bmp">
      <Filter>Resource Files</Filter>
    </None>
    <None Include="res\size.bmp">
      <Filter>Resource Files</Filter>
    </None>
    <None Include="ClassDiagram1.cd" />
    <None Include="command.cd">
      <Filter>Source Files</Filter>
    </None>
    <None Include="shapes.cd">
      <Filter>Source Files</Filter>
    </None>
  </ItemGroup>
  <ItemGroup>
    <ClInclude Include="Paint.h">
      <Filter>Header Files</Filter>
    </ClInclude>
    <ClInclude Include="PaintDlg.h">
      <Filter>Header Files</Filter>
    </ClInclude>
    <ClInclude Include="stdafx.h">
      <Filter>Header Files</Filter>
    </ClInclude>
    <ClInclude Include="targetver.h">
      <Filter>Header Files</Filter>
    </ClInclude>
    <ClInclude Include="Resource.h">
      <Filter>Header Files</Filter>
    </ClInclude>
    <ClInclude Include="MyShape.h">
      <Filter>Header Files</Filter>
    </ClInclude>
    <ClInclude Include="MyLine.h">
      <Filter>Header Files</Filter>
    </ClInclude>
    <ClInclude Include="MyRectangle.h">
      <Filter>Header Files</Filter>
    </ClInclude>
    <ClInclude Include="MyEllipse.h">
      <Filter>Header Files</Filter>
    </ClInclude>
    <ClInclude Include="command.h">
      <Filter>Header Files</Filter>
    </ClInclude>
    <ClInclude Include="AddShape.h">
      <Filter>Header Files</Filter>
    </ClInclude>
    <ClInclude Include="MyTriangle.h">
      <Filter>Header Files</Filter>
    </ClInclude>
    <ClInclude Include="MyTrapeze.h">
      <Filter>Header Files</Filter>
    </ClInclude>
    <ClInclude Include="OpeningScreen.h">
      <Filter>Header Files</Filter>
    </ClInclude>
    <ClInclude Include="AddColor.h">
      <Filter>Header Files</Filter>
    </ClInclude>
    <ClInclude Include="DeleteShape.h">
      <Filter>Header Files</Filter>
    </ClInclude>
    <ClInclude Include="Myhexagonal.h">
      <Filter>Header Files</Filter>
    </ClInclude>
    <ClInclude Include="MyPentagon.h">
      <Filter>Header Files</Filter>
    </ClInclude>
  </ItemGroup>
  <ItemGroup>
    <ClCompile Include="Paint.cpp">
      <Filter>Source Files</Filter>
    </ClCompile>
    <ClCompile Include="PaintDlg.cpp">
      <Filter>Source Files</Filter>
    </ClCompile>
    <ClCompile Include="stdafx.cpp">
      <Filter>Source Files</Filter>
    </ClCompile>
    <ClCompile Include="MyShape.cpp">
      <Filter>Source Files</Filter>
    </ClCompile>
    <ClCompile Include="MyLine.cpp">
      <Filter>Source Files</Filter>
    </ClCompile>
    <ClCompile Include="MyRectangle.cpp">
      <Filter>Source Files</Filter>
    </ClCompile>
    <ClCompile Include="MyEllipse.cpp">
      <Filter>Source Files</Filter>
    </ClCompile>
    <ClCompile Include="command.cpp">
      <Filter>Source Files</Filter>
    </ClCompile>
    <ClCompile Include="AddShape.cpp">
      <Filter>Source Files</Filter>
    </ClCompile>
    <ClCompile Include="MyTriangle.cpp">
      <Filter>Source Files</Filter>
    </ClCompile>
    <ClCompile Include="MyTrapeze.cpp">
      <Filter>Source Files</Filter>
    </ClCompile>
    <ClCompile Include="OpeningScreen.cpp">
      <Filter>Source Files</Filter>
    </ClCompile>
    <ClCompile Include="AddColor.cpp">
      <Filter>Source Files</Filter>
    </ClCompile>
    <ClCompile Include="DeleteShape.cpp">
      <Filter>Source Files</Filter>
    </ClCompile>
    <ClCompile Include="Myhexagonal.cpp">
      <Filter>Source Files</Filter>
    </ClCompile>
    <ClCompile Include="MyPentagon.cpp">
      <Filter>Source Files</Filter>
    </ClCompile>
  </ItemGroup>
  <ItemGroup>
    <ResourceCompile Include="Paint.rc">
      <Filter>Resource Files</Filter>
    </ResourceCompile>
  </ItemGroup>
</Project>